
Microsoft Visual Studio Solution File, Format Version 12.00
# Visual Studio 15
VisualStudioVersion = 15.0.28307.168
MinimumVisualStudioVersion = 10.0.40219.1
Project("{FAE04EC0-301F-11D3-BF4B-00C04F79EFBC}") = "SSN_Generator", "SSN_Generator\SSN_Generator.csproj", "{682C8BA6-2C9D-4465-8CA6-14A85786E88F}"
EndProject
Project("{FAE04EC0-301F-11D3-BF4B-00C04F79EFBC}") = "SSN_GeneratorTests", "SSN_GeneratorTests\SSN_GeneratorTests.csproj", "{C9F08A4B-CE79-4C3B-A76E-4EF2D0BBAA2D}"
EndProject
Global
	GlobalSection(SolutionConfigurationPlatforms) = preSolution
		Debug|Any CPU = Debug|Any CPU
		Release|Any CPU = Release|Any CPU
	EndGlobalSection
	GlobalSection(ProjectConfigurationPlatforms) = postSolution
		{682C8BA6-2C9D-4465-8CA6-14A85786E88F}.Debug|Any CPU.ActiveCfg = Debug|Any CPU
		{682C8BA6-2C9D-4465-8CA6-14A85786E88F}.Debug|Any CPU.Build.0 = Debug|Any CPU
		{682C8BA6-2C9D-4465-8CA6-14A85786E88F}.Release|Any CPU.ActiveCfg = Release|Any CPU
		{682C8BA6-2C9D-4465-8CA6-14A85786E88F}.Release|Any CPU.Build.0 = Release|Any CPU
		{C9F08A4B-CE79-4C3B-A76E-4EF2D0BBAA2D}.Debug|Any CPU.ActiveCfg = Debug|Any CPU
		{C9F08A4B-CE79-4C3B-A76E-4EF2D0BBAA2D}.Debug|Any CPU.Build.0 = Debug|Any CPU
		{C9F08A4B-CE79-4C3B-A76E-4EF2D0BBAA2D}.Release|Any CPU.ActiveCfg = Release|Any CPU
		{C9F08A4B-CE79-4C3B-A76E-4EF2D0BBAA2D}.Release|Any CPU.Build.0 = Release|Any CPU
	EndGlobalSection
	GlobalSection(SolutionProperties) = preSolution
		HideSolutionNode = FALSE
	EndGlobalSection
	GlobalSection(ExtensibilityGlobals) = postSolution
		SolutionGuid = {8AB3F537-CDF6-4C5A-B9B5-181FB790C15C}
	EndGlobalSection
EndGlobal
